
Microsoft Visual Studio Solution File, Format Version 12.00
# Visual Studio Version 16
VisualStudioVersion = 16.0.29613.14
MinimumVisualStudioVersion = 10.0.40219.1
Project("{FAE04EC0-301F-11D3-BF4B-00C04F79EFBC}") = "TpGitHub", "TpGitHub\TpGitHub.csproj", "{6463F2EA-AA3B-41EC-9EB0-892AB0606BBB}"
EndProject
Global
	GlobalSection(SolutionConfigurationPlatforms) = preSolution
		Debug|Any CPU = Debug|Any CPU
		Release|Any CPU = Release|Any CPU
	EndGlobalSection
	GlobalSection(ProjectConfigurationPlatforms) = postSolution
		{6463F2EA-AA3B-41EC-9EB0-892AB0606BBB}.Debug|Any CPU.ActiveCfg = Debug|Any CPU
		{6463F2EA-AA3B-41EC-9EB0-892AB0606BBB}.Debug|Any CPU.Build.0 = Debug|Any CPU
		{6463F2EA-AA3B-41EC-9EB0-892AB0606BBB}.Release|Any CPU.ActiveCfg = Release|Any CPU
		{6463F2EA-AA3B-41EC-9EB0-892AB0606BBB}.Release|Any CPU.Build.0 = Release|Any CPU
	EndGlobalSection
	GlobalSection(SolutionProperties) = preSolution
		HideSolutionNode = FALSE
	EndGlobalSection
	GlobalSection(ExtensibilityGlobals) = postSolution
		SolutionGuid = {B31D72CA-CC54-4D83-B1DD-0418E7FE06EC}
	EndGlobalSection
EndGlobal
